
Microsoft Visual Studio Solution File, Format Version 12.00
# Visual Studio Version 17
VisualStudioVersion = 17.11.35222.181
MinimumVisualStudioVersion = 10.0.40219.1
Project("{FAE04EC0-301F-11D3-BF4B-00C04F79EFBC}") = "ProjectPRNClient", "ProjectPRNClient\ProjectPRNClient.csproj", "{B18FEB09-A98C-49BD-AD7D-F1259BCED5A6}"
EndProject
Project("{FAE04EC0-301F-11D3-BF4B-00C04F79EFBC}") = "ProjectPRNServer", "ProjectPRNServer\ProjectPRNServer.csproj", "{854A2E03-2B62-4E02-905C-CF852F63EB07}"
EndProject
Global
	GlobalSection(SolutionConfigurationPlatforms) = preSolution
		Debug|Any CPU = Debug|Any CPU
		Release|Any CPU = Release|Any CPU
	EndGlobalSection
	GlobalSection(ProjectConfigurationPlatforms) = postSolution
		{B18FEB09-A98C-49BD-AD7D-F1259BCED5A6}.Debug|Any CPU.ActiveCfg = Debug|Any CPU
		{B18FEB09-A98C-49BD-AD7D-F1259BCED5A6}.Debug|Any CPU.Build.0 = Debug|Any CPU
		{B18FEB09-A98C-49BD-AD7D-F1259BCED5A6}.Release|Any CPU.ActiveCfg = Release|Any CPU
		{B18FEB09-A98C-49BD-AD7D-F1259BCED5A6}.Release|Any CPU.Build.0 = Release|Any CPU
		{854A2E03-2B62-4E02-905C-CF852F63EB07}.Debug|Any CPU.ActiveCfg = Debug|Any CPU
		{854A2E03-2B62-4E02-905C-CF852F63EB07}.Debug|Any CPU.Build.0 = Debug|Any CPU
		{854A2E03-2B62-4E02-905C-CF852F63EB07}.Release|Any CPU.ActiveCfg = Release|Any CPU
		{854A2E03-2B62-4E02-905C-CF852F63EB07}.Release|Any CPU.Build.0 = Release|Any CPU
	EndGlobalSection
	GlobalSection(SolutionProperties) = preSolution
		HideSolutionNode = FALSE
	EndGlobalSection
	GlobalSection(ExtensibilityGlobals) = postSolution
		SolutionGuid = {84999B2F-2AE6-4548-BA95-1691DC9B4119}
	EndGlobalSection
EndGlobal
