
Microsoft Visual Studio Solution File, Format Version 12.00
# Visual Studio Version 17
VisualStudioVersion = 17.11.35222.181
MinimumVisualStudioVersion = 10.0.40219.1
Project("{9A19103F-16F7-4668-BE54-9A1E7A4F7556}") = "ProjectPRNClient", "ProjectPRNClient\ProjectPRNClient.csproj", "{B18FEB09-A98C-49BD-AD7D-F1259BCED5A6}"
EndProject
Project("{9A19103F-16F7-4668-BE54-9A1E7A4F7556}") = "ProjectPRNServer", "ProjectPRNServer\ProjectPRNServer.csproj", "{854A2E03-2B62-4E02-905C-CF852F63EB07}"
EndProject
Project("{9A19103F-16F7-4668-BE54-9A1E7A4F7556}") = "ProjectPRNModel", "ProjectPRNModel\ProjectPRNModel.csproj", "{05B174D8-9317-49E8-89E2-1B6F1EDBBF78}"
EndProject
Project("{FAE04EC0-301F-11D3-BF4B-00C04F79EFBC}") = "ProjectPRNServices", "ProjectPRNServices\ProjectPRNServices.csproj", "{705A5538-27EE-4CC2-B0EE-D3398FF5A1E0}"
EndProject
Global
	GlobalSection(SolutionConfigurationPlatforms) = preSolution
		Debug|Any CPU = Debug|Any CPU
		Release|Any CPU = Release|Any CPU
	EndGlobalSection
	GlobalSection(ProjectConfigurationPlatforms) = postSolution
		{B18FEB09-A98C-49BD-AD7D-F1259BCED5A6}.Debug|Any CPU.ActiveCfg = Debug|Any CPU
		{B18FEB09-A98C-49BD-AD7D-F1259BCED5A6}.Debug|Any CPU.Build.0 = Debug|Any CPU
		{B18FEB09-A98C-49BD-AD7D-F1259BCED5A6}.Release|Any CPU.ActiveCfg = Release|Any CPU
		{B18FEB09-A98C-49BD-AD7D-F1259BCED5A6}.Release|Any CPU.Build.0 = Release|Any CPU
		{854A2E03-2B62-4E02-905C-CF852F63EB07}.Debug|Any CPU.ActiveCfg = Debug|Any CPU
		{854A2E03-2B62-4E02-905C-CF852F63EB07}.Debug|Any CPU.Build.0 = Debug|Any CPU
		{854A2E03-2B62-4E02-905C-CF852F63EB07}.Release|Any CPU.ActiveCfg = Release|Any CPU
		{854A2E03-2B62-4E02-905C-CF852F63EB07}.Release|Any CPU.Build.0 = Release|Any CPU
		{05B174D8-9317-49E8-89E2-1B6F1EDBBF78}.Debug|Any CPU.ActiveCfg = Debug|Any CPU
		{05B174D8-9317-49E8-89E2-1B6F1EDBBF78}.Debug|Any CPU.Build.0 = Debug|Any CPU
		{05B174D8-9317-49E8-89E2-1B6F1EDBBF78}.Release|Any CPU.ActiveCfg = Release|Any CPU
		{05B174D8-9317-49E8-89E2-1B6F1EDBBF78}.Release|Any CPU.Build.0 = Release|Any CPU
		{705A5538-27EE-4CC2-B0EE-D3398FF5A1E0}.Debug|Any CPU.ActiveCfg = Debug|Any CPU
		{705A5538-27EE-4CC2-B0EE-D3398FF5A1E0}.Debug|Any CPU.Build.0 = Debug|Any CPU
		{705A5538-27EE-4CC2-B0EE-D3398FF5A1E0}.Release|Any CPU.ActiveCfg = Release|Any CPU
		{705A5538-27EE-4CC2-B0EE-D3398FF5A1E0}.Release|Any CPU.Build.0 = Release|Any CPU
	EndGlobalSection
	GlobalSection(SolutionProperties) = preSolution
		HideSolutionNode = FALSE
	EndGlobalSection
	GlobalSection(ExtensibilityGlobals) = postSolution
		SolutionGuid = {84999B2F-2AE6-4548-BA95-1691DC9B4119}
	EndGlobalSection
EndGlobal
